
Microsoft Visual Studio Solution File, Format Version 12.00
# Visual Studio Version 17
VisualStudioVersion = 17.0.31903.59
MinimumVisualStudioVersion = 10.0.40219.1
Project("{2150E333-8FDC-42A3-9474-1A3956D46DE8}") = "src", "src", "{822D02BC-6E5A-46DA-A020-AD0017A881D5}"
EndProject
Project("{FAE04EC0-301F-11D3-BF4B-00C04F79EFBC}") = "PdfEditor.App", "src\PdfEditor.App\PdfEditor.App.csproj", "{4B1D6958-6A89-405D-9D59-6EEFDAD6EC64}"
EndProject
Project("{FAE04EC0-301F-11D3-BF4B-00C04F79EFBC}") = "PdfEditor.Core", "src\PdfEditor.Core\PdfEditor.Core.csproj", "{6D4C8762-2F16-4F47-B65A-4E628AB5B347}"
EndProject
Project("{FAE04EC0-301F-11D3-BF4B-00C04F79EFBC}") = "PdfEditor.Ocr", "src\PdfEditor.Ocr\PdfEditor.Ocr.csproj", "{E5D9F659-27A8-4E71-8708-9604B31B9FCE}"
EndProject
Project("{FAE04EC0-301F-11D3-BF4B-00C04F79EFBC}") = "PdfEditor.Pdf", "src\PdfEditor.Pdf\PdfEditor.Pdf.csproj", "{BCDE952D-9028-46AE-8268-AD39F04D5F87}"
EndProject
Project("{FAE04EC0-301F-11D3-BF4B-00C04F79EFBC}") = "PdfEditor.Platform", "src\PdfEditor.Platform\PdfEditor.Platform.csproj", "{C7970570-2DC5-4176-9511-CBF613163171}"
EndProject
Project("{2150E333-8FDC-42A3-9474-1A3956D46DE8}") = "tests", "tests", "{FE0BC374-1FEE-44EB-B82F-8B525412A11F}"
EndProject
Project("{FAE04EC0-301F-11D3-BF4B-00C04F79EFBC}") = "PdfEditor.App.Tests", "tests\PdfEditor.App.Tests\PdfEditor.App.Tests.csproj", "{7A6B4C96-E74E-4F18-AE27-00EAC6F1B3A5}"
EndProject
Project("{FAE04EC0-301F-11D3-BF4B-00C04F79EFBC}") = "PdfEditor.Core.Tests", "tests\PdfEditor.Core.Tests\PdfEditor.Core.Tests.csproj", "{BAE1CAE1-AC2E-4611-A311-E070A7B0F60A}"
EndProject
Project("{FAE04EC0-301F-11D3-BF4B-00C04F79EFBC}") = "PdfEditor.Ocr.Tests", "tests\PdfEditor.Ocr.Tests\PdfEditor.Ocr.Tests.csproj", "{D72C3E9D-4E5F-447E-B1B5-BA47BDFDC02A}"
EndProject
Project("{FAE04EC0-301F-11D3-BF4B-00C04F79EFBC}") = "PdfEditor.Pdf.Tests", "tests\PdfEditor.Pdf.Tests\PdfEditor.Pdf.Tests.csproj", "{4EA7FDDF-4C89-461C-BC31-3769E54DBF5E}"
EndProject
Global
	GlobalSection(SolutionConfigurationPlatforms) = preSolution
		Debug|Any CPU = Debug|Any CPU
		Release|Any CPU = Release|Any CPU
	EndGlobalSection
	GlobalSection(SolutionProperties) = preSolution
		HideSolutionNode = FALSE
	EndGlobalSection
	GlobalSection(ProjectConfigurationPlatforms) = postSolution
		{4B1D6958-6A89-405D-9D59-6EEFDAD6EC64}.Debug|Any CPU.ActiveCfg = Debug|Any CPU
		{4B1D6958-6A89-405D-9D59-6EEFDAD6EC64}.Debug|Any CPU.Build.0 = Debug|Any CPU
		{4B1D6958-6A89-405D-9D59-6EEFDAD6EC64}.Release|Any CPU.ActiveCfg = Release|Any CPU
		{4B1D6958-6A89-405D-9D59-6EEFDAD6EC64}.Release|Any CPU.Build.0 = Release|Any CPU
		{6D4C8762-2F16-4F47-B65A-4E628AB5B347}.Debug|Any CPU.ActiveCfg = Debug|Any CPU
		{6D4C8762-2F16-4F47-B65A-4E628AB5B347}.Debug|Any CPU.Build.0 = Debug|Any CPU
		{6D4C8762-2F16-4F47-B65A-4E628AB5B347}.Release|Any CPU.ActiveCfg = Release|Any CPU
		{6D4C8762-2F16-4F47-B65A-4E628AB5B347}.Release|Any CPU.Build.0 = Release|Any CPU
		{E5D9F659-27A8-4E71-8708-9604B31B9FCE}.Debug|Any CPU.ActiveCfg = Debug|Any CPU
		{E5D9F659-27A8-4E71-8708-9604B31B9FCE}.Debug|Any CPU.Build.0 = Debug|Any CPU
		{E5D9F659-27A8-4E71-8708-9604B31B9FCE}.Release|Any CPU.ActiveCfg = Release|Any CPU
		{E5D9F659-27A8-4E71-8708-9604B31B9FCE}.Release|Any CPU.Build.0 = Release|Any CPU
		{BCDE952D-9028-46AE-8268-AD39F04D5F87}.Debug|Any CPU.ActiveCfg = Debug|Any CPU
		{BCDE952D-9028-46AE-8268-AD39F04D5F87}.Debug|Any CPU.Build.0 = Debug|Any CPU
		{BCDE952D-9028-46AE-8268-AD39F04D5F87}.Release|Any CPU.ActiveCfg = Release|Any CPU
		{BCDE952D-9028-46AE-8268-AD39F04D5F87}.Release|Any CPU.Build.0 = Release|Any CPU
		{C7970570-2DC5-4176-9511-CBF613163171}.Debug|Any CPU.ActiveCfg = Debug|Any CPU
		{C7970570-2DC5-4176-9511-CBF613163171}.Debug|Any CPU.Build.0 = Debug|Any CPU
		{C7970570-2DC5-4176-9511-CBF613163171}.Release|Any CPU.ActiveCfg = Release|Any CPU
		{C7970570-2DC5-4176-9511-CBF613163171}.Release|Any CPU.Build.0 = Release|Any CPU
		{7A6B4C96-E74E-4F18-AE27-00EAC6F1B3A5}.Debug|Any CPU.ActiveCfg = Debug|Any CPU
		{7A6B4C96-E74E-4F18-AE27-00EAC6F1B3A5}.Debug|Any CPU.Build.0 = Debug|Any CPU
		{7A6B4C96-E74E-4F18-AE27-00EAC6F1B3A5}.Release|Any CPU.ActiveCfg = Release|Any CPU
		{7A6B4C96-E74E-4F18-AE27-00EAC6F1B3A5}.Release|Any CPU.Build.0 = Release|Any CPU
		{BAE1CAE1-AC2E-4611-A311-E070A7B0F60A}.Debug|Any CPU.ActiveCfg = Debug|Any CPU
		{BAE1CAE1-AC2E-4611-A311-E070A7B0F60A}.Debug|Any CPU.Build.0 = Debug|Any CPU
		{BAE1CAE1-AC2E-4611-A311-E070A7B0F60A}.Release|Any CPU.ActiveCfg = Release|Any CPU
		{BAE1CAE1-AC2E-4611-A311-E070A7B0F60A}.Release|Any CPU.Build.0 = Release|Any CPU
		{D72C3E9D-4E5F-447E-B1B5-BA47BDFDC02A}.Debug|Any CPU.ActiveCfg = Debug|Any CPU
		{D72C3E9D-4E5F-447E-B1B5-BA47BDFDC02A}.Debug|Any CPU.Build.0 = Debug|Any CPU
		{D72C3E9D-4E5F-447E-B1B5-BA47BDFDC02A}.Release|Any CPU.ActiveCfg = Release|Any CPU
		{D72C3E9D-4E5F-447E-B1B5-BA47BDFDC02A}.Release|Any CPU.Build.0 = Release|Any CPU
		{4EA7FDDF-4C89-461C-BC31-3769E54DBF5E}.Debug|Any CPU.ActiveCfg = Debug|Any CPU
		{4EA7FDDF-4C89-461C-BC31-3769E54DBF5E}.Debug|Any CPU.Build.0 = Debug|Any CPU
		{4EA7FDDF-4C89-461C-BC31-3769E54DBF5E}.Release|Any CPU.ActiveCfg = Release|Any CPU
		{4EA7FDDF-4C89-461C-BC31-3769E54DBF5E}.Release|Any CPU.Build.0 = Release|Any CPU
	EndGlobalSection
	GlobalSection(NestedProjects) = preSolution
		{4B1D6958-6A89-405D-9D59-6EEFDAD6EC64} = {822D02BC-6E5A-46DA-A020-AD0017A881D5}
		{6D4C8762-2F16-4F47-B65A-4E628AB5B347} = {822D02BC-6E5A-46DA-A020-AD0017A881D5}
		{E5D9F659-27A8-4E71-8708-9604B31B9FCE} = {822D02BC-6E5A-46DA-A020-AD0017A881D5}
		{BCDE952D-9028-46AE-8268-AD39F04D5F87} = {822D02BC-6E5A-46DA-A020-AD0017A881D5}
		{C7970570-2DC5-4176-9511-CBF613163171} = {822D02BC-6E5A-46DA-A020-AD0017A881D5}
		{7A6B4C96-E74E-4F18-AE27-00EAC6F1B3A5} = {FE0BC374-1FEE-44EB-B82F-8B525412A11F}
		{BAE1CAE1-AC2E-4611-A311-E070A7B0F60A} = {FE0BC374-1FEE-44EB-B82F-8B525412A11F}
		{D72C3E9D-4E5F-447E-B1B5-BA47BDFDC02A} = {FE0BC374-1FEE-44EB-B82F-8B525412A11F}
		{4EA7FDDF-4C89-461C-BC31-3769E54DBF5E} = {FE0BC374-1FEE-44EB-B82F-8B525412A11F}
	EndGlobalSection
EndGlobal
